// !$*UTF8*$!
{
	archiveVersion = 1;
	classes = {
	};
	objectVersion = 56;
	objects = {

/* Begin PBXBuildFile section */
		2259CACD29524FA5002FE680 /* Live_Activity_PracticeApp.swift in Sources */ = {isa = PBXBuildFile; fileRef = 2259CACC29524FA5002FE680 /* Live_Activity_PracticeApp.swift */; };
		2259CACF29524FA5002FE680 /* ContentView.swift in Sources */ = {isa = PBXBuildFile; fileRef = 2259CACE29524FA5002FE680 /* ContentView.swift */; };
		2259CAD129524FA6002FE680 /* Assets.xcassets in Resources */ = {isa = PBXBuildFile; fileRef = 2259CAD029524FA6002FE680 /* Assets.xcassets */; };
		2259CAD429524FA6002FE680 /* Preview Assets.xcassets in Resources */ = {isa = PBXBuildFile; fileRef = 2259CAD329524FA6002FE680 /* Preview Assets.xcassets */; };
		2259CAE129524FCD002FE680 /* WidgetKit.framework in Frameworks */ = {isa = PBXBuildFile; fileRef = 2259CAE029524FCD002FE680 /* WidgetKit.framework */; };
		2259CAE329524FCD002FE680 /* SwiftUI.framework in Frameworks */ = {isa = PBXBuildFile; fileRef = 2259CAE229524FCD002FE680 /* SwiftUI.framework */; };
		2259CAE629524FCD002FE680 /* Live_ActivityBundle.swift in Sources */ = {isa = PBXBuildFile; fileRef = 2259CAE529524FCD002FE680 /* Live_ActivityBundle.swift */; };
		2259CAE829524FCD002FE680 /* Live_ActivityLiveActivity.swift in Sources */ = {isa = PBXBuildFile; fileRef = 2259CAE729524FCD002FE680 /* Live_ActivityLiveActivity.swift */; };
		2259CAEA29524FCD002FE680 /* Live_Activity.swift in Sources */ = {isa = PBXBuildFile; fileRef = 2259CAE929524FCD002FE680 /* Live_Activity.swift */; };
		2259CAEC29524FCE002FE680 /* Assets.xcassets in Resources */ = {isa = PBXBuildFile; fileRef = 2259CAEB29524FCE002FE680 /* Assets.xcassets */; };
		2259CAF029524FCE002FE680 /* Live-ActivityExtension.appex in Embed Foundation Extensions */ = {isa = PBXBuildFile; fileRef = 2259CADE29524FCD002FE680 /* Live-ActivityExtension.appex */; settings = {ATTRIBUTES = (RemoveHeadersOnCopy, ); }; };
/* End PBXBuildFile section */

/* Begin PBXContainerItemProxy section */
		2259CAEE29524FCE002FE680 /* PBXContainerItemProxy */ = {
			isa = PBXContainerItemProxy;
			containerPortal = 2259CAC129524FA5002FE680 /* Project object */;
			proxyType = 1;
			remoteGlobalIDString = 2259CADD29524FCD002FE680;
			remoteInfo = "Live-ActivityExtension";
		};
/* End PBXContainerItemProxy section */

/* Begin PBXCopyFilesBuildPhase section */
		2259CAF429524FCE002FE680 /* Embed Foundation Extensions */ = {
			isa = PBXCopyFilesBuildPhase;
			buildActionMask = 2147483647;
			dstPath = "";
			dstSubfolderSpec = 13;
			files = (
				2259CAF029524FCE002FE680 /* Live-ActivityExtension.appex in Embed Foundation Extensions */,
			);
			name = "Embed Foundation Extensions";
			runOnlyForDeploymentPostprocessing = 0;
		};
/* End PBXCopyFilesBuildPhase section */

/* Begin PBXFileReference section */
		2259CAC929524FA5002FE680 /* Live-Activity-Practice.app */ = {isa = PBXFileReference; explicitFileType = wrapper.application; includeInIndex = 0; path = "Live-Activity-Practice.app"; sourceTree = BUILT_PRODUCTS_DIR; };
		2259CACC29524FA5002FE680 /* Live_Activity_PracticeApp.swift */ = {isa = PBXFileReference; lastKnownFileType = sourcecode.swift; path = Live_Activity_PracticeApp.swift; sourceTree = "<group>"; };
		2259CACE29524FA5002FE680 /* ContentView.swift */ = {isa = PBXFileReference; lastKnownFileType = sourcecode.swift; path = ContentView.swift; sourceTree = "<group>"; };
		2259CAD029524FA6002FE680 /* Assets.xcassets */ = {isa = PBXFileReference; lastKnownFileType = folder.assetcatalog; path = Assets.xcassets; sourceTree = "<group>"; };
		2259CAD329524FA6002FE680 /* Preview Assets.xcassets */ = {isa = PBXFileReference; lastKnownFileType = folder.assetcatalog; path = "Preview Assets.xcassets"; sourceTree = "<group>"; };
		2259CADE29524FCD002FE680 /* Live-ActivityExtension.appex */ = {isa = PBXFileReference; explicitFileType = "wrapper.app-extension"; includeInIndex = 0; path = "Live-ActivityExtension.appex"; sourceTree = BUILT_PRODUCTS_DIR; };
		2259CAE029524FCD002FE680 /* WidgetKit.framework */ = {isa = PBXFileReference; lastKnownFileType = wrapper.framework; name = WidgetKit.framework; path = System/Library/Frameworks/WidgetKit.framework; sourceTree = SDKROOT; };
		2259CAE229524FCD002FE680 /* SwiftUI.framework */ = {isa = PBXFileReference; lastKnownFileType = wrapper.framework; name = SwiftUI.framework; path = System/Library/Frameworks/SwiftUI.framework; sourceTree = SDKROOT; };
		2259CAE529524FCD002FE680 /* Live_ActivityBundle.swift */ = {isa = PBXFileReference; lastKnownFileType = sourcecode.swift; path = Live_ActivityBundle.swift; sourceTree = "<group>"; };
		2259CAE729524FCD002FE680 /* Live_ActivityLiveActivity.swift */ = {isa = PBXFileReference; lastKnownFileType = sourcecode.swift; path = Live_ActivityLiveActivity.swift; sourceTree = "<group>"; };
		2259CAE929524FCD002FE680 /* Live_Activity.swift */ = {isa = PBXFileReference; lastKnownFileType = sourcecode.swift; path = Live_Activity.swift; sourceTree = "<group>"; };
		2259CAEB29524FCE002FE680 /* Assets.xcassets */ = {isa = PBXFileReference; lastKnownFileType = folder.assetcatalog; path = Assets.xcassets; sourceTree = "<group>"; };
		2259CAED29524FCE002FE680 /* Info.plist */ = {isa = PBXFileReference; lastKnownFileType = text.plist.xml; path = Info.plist; sourceTree = "<group>"; };
/* End PBXFileReference section */

/* Begin PBXFrameworksBuildPhase section */
		2259CAC629524FA5002FE680 /* Frameworks */ = {
			isa = PBXFrameworksBuildPhase;
			buildActionMask = 2147483647;
			files = (
			);
			runOnlyForDeploymentPostprocessing = 0;
		};
		2259CADB29524FCD002FE680 /* Frameworks */ = {
			isa = PBXFrameworksBuildPhase;
			buildActionMask = 2147483647;
			files = (
				2259CAE329524FCD002FE680 /* SwiftUI.framework in Frameworks */,
				2259CAE129524FCD002FE680 /* WidgetKit.framework in Frameworks */,
			);
			runOnlyForDeploymentPostprocessing = 0;
		};
/* End PBXFrameworksBuildPhase section */

/* Begin PBXGroup section */
		2259CAC029524FA5002FE680 = {
			isa = PBXGroup;
			children = (
				2259CACB29524FA5002FE680 /* Live-Activity-Practice */,
				2259CAE429524FCD002FE680 /* Live-Activity */,
				2259CADF29524FCD002FE680 /* Frameworks */,
				2259CACA29524FA5002FE680 /* Products */,
			);
			sourceTree = "<group>";
		};
		2259CACA29524FA5002FE680 /* Products */ = {
			isa = PBXGroup;
			children = (
				2259CAC929524FA5002FE680 /* Live-Activity-Practice.app */,
				2259CADE29524FCD002FE680 /* Live-ActivityExtension.appex */,
			);
			name = Products;
			sourceTree = "<group>";
		};
		2259CACB29524FA5002FE680 /* Live-Activity-Practice */ = {
			isa = PBXGroup;
			children = (
				2259CACC29524FA5002FE680 /* Live_Activity_PracticeApp.swift */,
				2259CACE29524FA5002FE680 /* ContentView.swift */,
				2259CAD029524FA6002FE680 /* Assets.xcassets */,
				2259CAD229524FA6002FE680 /* Preview Content */,
			);
			path = "Live-Activity-Practice";
			sourceTree = "<group>";
		};
		2259CAD229524FA6002FE680 /* Preview Content */ = {
			isa = PBXGroup;
			children = (
				2259CAD329524FA6002FE680 /* Preview Assets.xcassets */,
			);
			path = "Preview Content";
			sourceTree = "<group>";
		};
		2259CADF29524FCD002FE680 /* Frameworks */ = {
			isa = PBXGroup;
			children = (
				2259CAE029524FCD002FE680 /* WidgetKit.framework */,
				2259CAE229524FCD002FE680 /* SwiftUI.framework */,
			);
			name = Frameworks;
			sourceTree = "<group>";
		};
		2259CAE429524FCD002FE680 /* Live-Activity */ = {
			isa = PBXGroup;
			children = (
				2259CAE529524FCD002FE680 /* Live_ActivityBundle.swift */,
				2259CAE729524FCD002FE680 /* Live_ActivityLiveActivity.swift */,
				2259CAE929524FCD002FE680 /* Live_Activity.swift */,
				2259CAEB29524FCE002FE680 /* Assets.xcassets */,
				2259CAED29524FCE002FE680 /* Info.plist */,
			);
			path = "Live-Activity";
			sourceTree = "<group>";
		};
/* End PBXGroup section */

/* Begin PBXNativeTarget section */
		2259CAC829524FA5002FE680 /* Live-Activity-Practice */ = {
			isa = PBXNativeTarget;
			buildConfigurationList = 2259CAD729524FA6002FE680 /* Build configuration list for PBXNativeTarget "Live-Activity-Practice" */;
			buildPhases = (
				2259CAC529524FA5002FE680 /* Sources */,
				2259CAC629524FA5002FE680 /* Frameworks */,
				2259CAC729524FA5002FE680 /* Resources */,
				2259CAF429524FCE002FE680 /* Embed Foundation Extensions */,
			);
			buildRules = (
			);
			dependencies = (
				2259CAEF29524FCE002FE680 /* PBXTargetDependency */,
			);
			name = "Live-Activity-Practice";
			productName = "Live-Activity-Practice";
			productReference = 2259CAC929524FA5002FE680 /* Live-Activity-Practice.app */;
			productType = "com.apple.product-type.application";
		};
		2259CADD29524FCD002FE680 /* Live-ActivityExtension */ = {
			isa = PBXNativeTarget;
			buildConfigurationList = 2259CAF129524FCE002FE680 /* Build configuration list for PBXNativeTarget "Live-ActivityExtension" */;
			buildPhases = (
				2259CADA29524FCD002FE680 /* Sources */,
				2259CADB29524FCD002FE680 /* Frameworks */,
				2259CADC29524FCD002FE680 /* Resources */,
			);
			buildRules = (
			);
			dependencies = (
			);
			name = "Live-ActivityExtension";
			productName = "Live-ActivityExtension";
			productReference = 2259CADE29524FCD002FE680 /* Live-ActivityExtension.appex */;
			productType = "com.apple.product-type.app-extension";
		};
/* End PBXNativeTarget section */

/* Begin PBXProject section */
		2259CAC129524FA5002FE680 /* Project object */ = {
			isa = PBXProject;
			attributes = {
				BuildIndependentTargetsInParallel = 1;
				LastSwiftUpdateCheck = 1420;
				LastUpgradeCheck = 1420;
				TargetAttributes = {
					2259CAC829524FA5002FE680 = {
						CreatedOnToolsVersion = 14.2;
					};
					2259CADD29524FCD002FE680 = {
						CreatedOnToolsVersion = 14.2;
					};
				};
			};
			buildConfigurationList = 2259CAC429524FA5002FE680 /* Build configuration list for PBXProject "Live-Activity-Practice" */;
			compatibilityVersion = "Xcode 14.0";
			developmentRegion = en;
			hasScannedForEncodings = 0;
			knownRegions = (
				en,
				Base,
			);
			mainGroup = 2259CAC029524FA5002FE680;
			productRefGroup = 2259CACA29524FA5002FE680 /* Products */;
			projectDirPath = "";
			projectRoot = "";
			targets = (
				2259CAC829524FA5002FE680 /* Live-Activity-Practice */,
				2259CADD29524FCD002FE680 /* Live-ActivityExtension */,
			);
		};
/* End PBXProject section */

/* Begin PBXResourcesBuildPhase section */
		2259CAC729524FA5002FE680 /* Resources */ = {
			isa = PBXResourcesBuildPhase;
			buildActionMask = 2147483647;
			files = (
				2259CAD429524FA6002FE680 /* Preview Assets.xcassets in Resources */,
				2259CAD129524FA6002FE680 /* Assets.xcassets in Resources */,
			);
			runOnlyForDeploymentPostprocessing = 0;
		};
		2259CADC29524FCD002FE680 /* Resources */ = {
			isa = PBXResourcesBuildPhase;
			buildActionMask = 2147483647;
			files = (
				2259CAEC29524FCE002FE680 /* Assets.xcassets in Resources */,
			);
			runOnlyForDeploymentPostprocessing = 0;
		};
/* End PBXResourcesBuildPhase section */

/* Begin PBXSourcesBuildPhase section */
		2259CAC529524FA5002FE680 /* Sources */ = {
			isa = PBXSourcesBuildPhase;
			buildActionMask = 2147483647;
			files = (
				2259CACF29524FA5002FE680 /* ContentView.swift in Sources */,
				2259CACD29524FA5002FE680 /* Live_Activity_PracticeApp.swift in Sources */,
			);
			runOnlyForDeploymentPostprocessing = 0;
		};
		2259CADA29524FCD002FE680 /* Sources */ = {
			isa = PBXSourcesBuildPhase;
			buildActionMask = 2147483647;
			files = (
				2259CAE629524FCD002FE680 /* Live_ActivityBundle.swift in Sources */,
				2259CAEA29524FCD002FE680 /* Live_Activity.swift in Sources */,
				2259CAE829524FCD002FE680 /* Live_ActivityLiveActivity.swift in Sources */,
			);
			runOnlyForDeploymentPostprocessing = 0;
		};
/* End PBXSourcesBuildPhase section */

/* Begin PBXTargetDependency section */
		2259CAEF29524FCE002FE680 /* PBXTargetDependency */ = {
			isa = PBXTargetDependency;
			target = 2259CADD29524FCD002FE680 /* Live-ActivityExtension */;
			targetProxy = 2259CAEE29524FCE002FE680 /* PBXContainerItemProxy */;
		};
/* End PBXTargetDependency section */

/* Begin XCBuildConfiguration section */
		2259CAD529524FA6002FE680 /* Debug */ = {
			isa = XCBuildConfiguration;
			buildSettings = {
				ALWAYS_SEARCH_USER_PATHS = NO;
				CLANG_ANALYZER_NONNULL = YES;
				CLANG_ANALYZER_NUMBER_OBJECT_CONVERSION = YES_AGGRESSIVE;
				CLANG_CXX_LANGUAGE_STANDARD = "gnu++20";
				CLANG_ENABLE_MODULES = YES;
				CLANG_ENABLE_OBJC_ARC = YES;
				CLANG_ENABLE_OBJC_WEAK = YES;
				CLANG_WARN_BLOCK_CAPTURE_AUTORELEASING = YES;
				CLANG_WARN_BOOL_CONVERSION = YES;
				CLANG_WARN_COMMA = YES;
				CLANG_WARN_CONSTANT_CONVERSION = YES;
				CLANG_WARN_DEPRECATED_OBJC_IMPLEMENTATIONS = YES;
				CLANG_WARN_DIRECT_OBJC_ISA_USAGE = YES_ERROR;
				CLANG_WARN_DOCUMENTATION_COMMENTS = YES;
				CLANG_WARN_EMPTY_BODY = YES;
				CLANG_WARN_ENUM_CONVERSION = YES;
				CLANG_WARN_INFINITE_RECURSION = YES;
				CLANG_WARN_INT_CONVERSION = YES;
				CLANG_WARN_NON_LITERAL_NULL_CONVERSION = YES;
				CLANG_WARN_OBJC_IMPLICIT_RETAIN_SELF = YES;
				CLANG_WARN_OBJC_LITERAL_CONVERSION = YES;
				CLANG_WARN_OBJC_ROOT_CLASS = YES_ERROR;
				CLANG_WARN_QUOTED_INCLUDE_IN_FRAMEWORK_HEADER = YES;
				CLANG_WARN_RANGE_LOOP_ANALYSIS = YES;
				CLANG_WARN_STRICT_PROTOTYPES = YES;
				CLANG_WARN_SUSPICIOUS_MOVE = YES;
				CLANG_WARN_UNGUARDED_AVAILABILITY = YES_AGGRESSIVE;
				CLANG_WARN_UNREACHABLE_CODE = YES;
				CLANG_WARN__DUPLICATE_METHOD_MATCH = YES;
				COPY_PHASE_STRIP = NO;
				DEBUG_INFORMATION_FORMAT = dwarf;
				ENABLE_STRICT_OBJC_MSGSEND = YES;
				ENABLE_TESTABILITY = YES;
				GCC_C_LANGUAGE_STANDARD = gnu11;
				GCC_DYNAMIC_NO_PIC = NO;
				GCC_NO_COMMON_BLOCKS = YES;
				GCC_OPTIMIZATION_LEVEL = 0;
				GCC_PREPROCESSOR_DEFINITIONS = (
					"DEBUG=1",
					"$(inherited)",
				);
				GCC_WARN_64_TO_32_BIT_CONVERSION = YES;
				GCC_WARN_ABOUT_RETURN_TYPE = YES_ERROR;
				GCC_WARN_UNDECLARED_SELECTOR = YES;
				GCC_WARN_UNINITIALIZED_AUTOS = YES_AGGRESSIVE;
				GCC_WARN_UNUSED_FUNCTION = YES;
				GCC_WARN_UNUSED_VARIABLE = YES;
				IPHONEOS_DEPLOYMENT_TARGET = 16.2;
				MTL_ENABLE_DEBUG_INFO = INCLUDE_SOURCE;
				MTL_FAST_MATH = YES;
				ONLY_ACTIVE_ARCH = YES;
				SDKROOT = iphoneos;
				SWIFT_ACTIVE_COMPILATION_CONDITIONS = DEBUG;
				SWIFT_OPTIMIZATION_LEVEL = "-Onone";
			};
			name = Debug;
		};
		2259CAD629524FA6002FE680 /* Release */ = {
			isa = XCBuildConfiguration;
			buildSettings = {
				ALWAYS_SEARCH_USER_PATHS = NO;
				CLANG_ANALYZER_NONNULL = YES;
				CLANG_ANALYZER_NUMBER_OBJECT_CONVERSION = YES_AGGRESSIVE;
				CLANG_CXX_LANGUAGE_STANDARD = "gnu++20";
				CLANG_ENABLE_MODULES = YES;
				CLANG_ENABLE_OBJC_ARC = YES;
				CLANG_ENABLE_OBJC_WEAK = YES;
				CLANG_WARN_BLOCK_CAPTURE_AUTORELEASING = YES;
				CLANG_WARN_BOOL_CONVERSION = YES;
				CLANG_WARN_COMMA = YES;
				CLANG_WARN_CONSTANT_CONVERSION = YES;
				CLANG_WARN_DEPRECATED_OBJC_IMPLEMENTATIONS = YES;
				CLANG_WARN_DIRECT_OBJC_ISA_USAGE = YES_ERROR;
				CLANG_WARN_DOCUMENTATION_COMMENTS = YES;
				CLANG_WARN_EMPTY_BODY = YES;
				CLANG_WARN_ENUM_CONVERSION = YES;
				CLANG_WARN_INFINITE_RECURSION = YES;
				CLANG_WARN_INT_CONVERSION = YES;
				CLANG_WARN_NON_LITERAL_NULL_CONVERSION = YES;
				CLANG_WARN_OBJC_IMPLICIT_RETAIN_SELF = YES;
				CLANG_WARN_OBJC_LITERAL_CONVERSION = YES;
				CLANG_WARN_OBJC_ROOT_CLASS = YES_ERROR;
				CLANG_WARN_QUOTED_INCLUDE_IN_FRAMEWORK_HEADER = YES;
				CLANG_WARN_RANGE_LOOP_ANALYSIS = YES;
				CLANG_WARN_STRICT_PROTOTYPES = YES;
				CLANG_WARN_SUSPICIOUS_MOVE = YES;
				CLANG_WARN_UNGUARDED_AVAILABILITY = YES_AGGRESSIVE;
				CLANG_WARN_UNREACHABLE_CODE = YES;
				CLANG_WARN__DUPLICATE_METHOD_MATCH = YES;
				COPY_PHASE_STRIP = NO;
				DEBUG_INFORMATION_FORMAT = "dwarf-with-dsym";
				ENABLE_NS_ASSERTIONS = NO;
				ENABLE_STRICT_OBJC_MSGSEND = YES;
				GCC_C_LANGUAGE_STANDARD = gnu11;
				GCC_NO_COMMON_BLOCKS = YES;
				GCC_WARN_64_TO_32_BIT_CONVERSION = YES;
				GCC_WARN_ABOUT_RETURN_TYPE = YES_ERROR;
				GCC_WARN_UNDECLARED_SELECTOR = YES;
				GCC_WARN_UNINITIALIZED_AUTOS = YES_AGGRESSIVE;
				GCC_WARN_UNUSED_FUNCTION = YES;
				GCC_WARN_UNUSED_VARIABLE = YES;
				IPHONEOS_DEPLOYMENT_TARGET = 16.2;
				MTL_ENABLE_DEBUG_INFO = NO;
				MTL_FAST_MATH = YES;
				SDKROOT = iphoneos;
				SWIFT_COMPILATION_MODE = wholemodule;
				SWIFT_OPTIMIZATION_LEVEL = "-O";
				VALIDATE_PRODUCT = YES;
			};
			name = Release;
		};
		2259CAD829524FA6002FE680 /* Debug */ = {
			isa = XCBuildConfiguration;
			buildSettings = {
				ALWAYS_EMBED_SWIFT_STANDARD_LIBRARIES = YES;
				ASSETCATALOG_COMPILER_APPICON_NAME = AppIcon;
				ASSETCATALOG_COMPILER_GLOBAL_ACCENT_COLOR_NAME = AccentColor;
				CODE_SIGN_STYLE = Automatic;
				CURRENT_PROJECT_VERSION = 1;
				DEVELOPMENT_ASSET_PATHS = "\"Live-Activity-Practice/Preview Content\"";
				DEVELOPMENT_TEAM = 9JVJNE92L6;
				ENABLE_PREVIEWS = YES;
				GENERATE_INFOPLIST_FILE = YES;
				INFOPLIST_KEY_UIApplicationSceneManifest_Generation = YES;
				INFOPLIST_KEY_UIApplicationSupportsIndirectInputEvents = YES;
				INFOPLIST_KEY_UILaunchScreen_Generation = YES;
				INFOPLIST_KEY_UISupportedInterfaceOrientations_iPad = "UIInterfaceOrientationPortrait UIInterfaceOrientationPortraitUpsideDown UIInterfaceOrientationLandscapeLeft UIInterfaceOrientationLandscapeRight";
				INFOPLIST_KEY_UISupportedInterfaceOrientations_iPhone = "UIInterfaceOrientationPortrait UIInterfaceOrientationLandscapeLeft UIInterfaceOrientationLandscapeRight";
				LD_RUNPATH_SEARCH_PATHS = (
					"$(inherited)",
					"@executable_path/Frameworks",
				);
				MARKETING_VERSION = 1.0;
				PRODUCT_BUNDLE_IDENTIFIER = "com.ministrycentered.Live-Activity-Practice";
				PRODUCT_NAME = "$(TARGET_NAME)";
				SWIFT_EMIT_LOC_STRINGS = YES;
				SWIFT_VERSION = 5.0;
				TARGETED_DEVICE_FAMILY = "1,2";
			};
			name = Debug;
		};
		2259CAD929524FA6002FE680 /* Release */ = {
			isa = XCBuildConfiguration;
			buildSettings = {
				ALWAYS_EMBED_SWIFT_STANDARD_LIBRARIES = YES;
				ASSETCATALOG_COMPILER_APPICON_NAME = AppIcon;
				ASSETCATALOG_COMPILER_GLOBAL_ACCENT_COLOR_NAME = AccentColor;
				CODE_SIGN_STYLE = Automatic;
				CURRENT_PROJECT_VERSION = 1;
				DEVELOPMENT_ASSET_PATHS = "\"Live-Activity-Practice/Preview Content\"";
				DEVELOPMENT_TEAM = 9JVJNE92L6;
				ENABLE_PREVIEWS = YES;
				GENERATE_INFOPLIST_FILE = YES;
				INFOPLIST_KEY_UIApplicationSceneManifest_Generation = YES;
				INFOPLIST_KEY_UIApplicationSupportsIndirectInputEvents = YES;
				INFOPLIST_KEY_UILaunchScreen_Generation = YES;
				INFOPLIST_KEY_UISupportedInterfaceOrientations_iPad = "UIInterfaceOrientationPortrait UIInterfaceOrientationPortraitUpsideDown UIInterfaceOrientationLandscapeLeft UIInterfaceOrientationLandscapeRight";
				INFOPLIST_KEY_UISupportedInterfaceOrientations_iPhone = "UIInterfaceOrientationPortrait UIInterfaceOrientationLandscapeLeft UIInterfaceOrientationLandscapeRight";
				LD_RUNPATH_SEARCH_PATHS = (
					"$(inherited)",
					"@executable_path/Frameworks",
				);
				MARKETING_VERSION = 1.0;
				PRODUCT_BUNDLE_IDENTIFIER = "com.ministrycentered.Live-Activity-Practice";
				PRODUCT_NAME = "$(TARGET_NAME)";
				SWIFT_EMIT_LOC_STRINGS = YES;
				SWIFT_VERSION = 5.0;
				TARGETED_DEVICE_FAMILY = "1,2";
			};
			name = Release;
		};
		2259CAF229524FCE002FE680 /* Debug */ = {
			isa = XCBuildConfiguration;
			buildSettings = {
				ASSETCATALOG_COMPILER_GLOBAL_ACCENT_COLOR_NAME = AccentColor;
				ASSETCATALOG_COMPILER_WIDGET_BACKGROUND_COLOR_NAME = WidgetBackground;
				CODE_SIGN_STYLE = Automatic;
				CURRENT_PROJECT_VERSION = 1;
				DEVELOPMENT_TEAM = 9JVJNE92L6;
				GENERATE_INFOPLIST_FILE = YES;
				INFOPLIST_FILE = "Live-Activity/Info.plist";
				INFOPLIST_KEY_CFBundleDisplayName = "Live-Activity";
				INFOPLIST_KEY_NSHumanReadableCopyright = "";
				LD_RUNPATH_SEARCH_PATHS = (
					"$(inherited)",
					"@executable_path/Frameworks",
					"@executable_path/../../Frameworks",
				);
				MARKETING_VERSION = 1.0;
				PRODUCT_BUNDLE_IDENTIFIER = "com.ministrycentered.Live-Activity-Practice.Live-Activity";
				PRODUCT_NAME = "$(TARGET_NAME)";
				SKIP_INSTALL = YES;
				SWIFT_EMIT_LOC_STRINGS = YES;
				SWIFT_VERSION = 5.0;
				TARGETED_DEVICE_FAMILY = "1,2";
			};
			name = Debug;
		};
		2259CAF329524FCE002FE680 /* Release */ = {
			isa = XCBuildConfiguration;
			buildSettings = {
				ASSETCATALOG_COMPILER_GLOBAL_ACCENT_COLOR_NAME = AccentColor;
				ASSETCATALOG_COMPILER_WIDGET_BACKGROUND_COLOR_NAME = WidgetBackground;
				CODE_SIGN_STYLE = Automatic;
				CURRENT_PROJECT_VERSION = 1;
				DEVELOPMENT_TEAM = 9JVJNE92L6;
				GENERATE_INFOPLIST_FILE = YES;
				INFOPLIST_FILE = "Live-Activity/Info.plist";
				INFOPLIST_KEY_CFBundleDisplayName = "Live-Activity";
				INFOPLIST_KEY_NSHumanReadableCopyright = "";
				LD_RUNPATH_SEARCH_PATHS = (
					"$(inherited)",
					"@executable_path/Frameworks",
					"@executable_path/../../Frameworks",
				);
				MARKETING_VERSION = 1.0;
				PRODUCT_BUNDLE_IDENTIFIER = "com.ministrycentered.Live-Activity-Practice.Live-Activity";
				PRODUCT_NAME = "$(TARGET_NAME)";
				SKIP_INSTALL = YES;
				SWIFT_EMIT_LOC_STRINGS = YES;
				SWIFT_VERSION = 5.0;
				TARGETED_DEVICE_FAMILY = "1,2";
			};
			name = Release;
		};
/* End XCBuildConfiguration section */

/* Begin XCConfigurationList section */
		2259CAC429524FA5002FE680 /* Build configuration list for PBXProject "Live-Activity-Practice" */ = {
			isa = XCConfigurationList;
			buildConfigurations = (
				2259CAD529524FA6002FE680 /* Debug */,
				2259CAD629524FA6002FE680 /* Release */,
			);
			defaultConfigurationIsVisible = 0;
			defaultConfigurationName = Release;
		};
		2259CAD729524FA6002FE680 /* Build configuration list for PBXNativeTarget "Live-Activity-Practice" */ = {
			isa = XCConfigurationList;
			buildConfigurations = (
				2259CAD829524FA6002FE680 /* Debug */,
				2259CAD929524FA6002FE680 /* Release */,
			);
			defaultConfigurationIsVisible = 0;
			defaultConfigurationName = Release;
		};
		2259CAF129524FCE002FE680 /* Build configuration list for PBXNativeTarget "Live-ActivityExtension" */ = {
			isa = XCConfigurationList;
			buildConfigurations = (
				2259CAF229524FCE002FE680 /* Debug */,
				2259CAF329524FCE002FE680 /* Release */,
			);
			defaultConfigurationIsVisible = 0;
			defaultConfigurationName = Release;
		};
/* End XCConfigurationList section */
	};
	rootObject = 2259CAC129524FA5002FE680 /* Project object */;
}
